
Microsoft Visual Studio Solution File, Format Version 12.00
# Visual Studio Version 17
VisualStudioVersion = 17.0.31912.275
MinimumVisualStudioVersion = 10.0.40219.1
Project("{FAE04EC0-301F-11D3-BF4B-00C04F79EFBC}") = "Filmes", "Filmes\Filmes.csproj", "{78B32FB1-E7CF-4312-BEE8-FBE9D5EDE225}"
EndProject
Global
	GlobalSection(SolutionConfigurationPlatforms) = preSolution
		Debug|Any CPU = Debug|Any CPU
		Release|Any CPU = Release|Any CPU
	EndGlobalSection
	GlobalSection(ProjectConfigurationPlatforms) = postSolution
		{78B32FB1-E7CF-4312-BEE8-FBE9D5EDE225}.Debug|Any CPU.ActiveCfg = Debug|Any CPU
		{78B32FB1-E7CF-4312-BEE8-FBE9D5EDE225}.Debug|Any CPU.Build.0 = Debug|Any CPU
		{78B32FB1-E7CF-4312-BEE8-FBE9D5EDE225}.Release|Any CPU.ActiveCfg = Release|Any CPU
		{78B32FB1-E7CF-4312-BEE8-FBE9D5EDE225}.Release|Any CPU.Build.0 = Release|Any CPU
	EndGlobalSection
	GlobalSection(SolutionProperties) = preSolution
		HideSolutionNode = FALSE
	EndGlobalSection
	GlobalSection(ExtensibilityGlobals) = postSolution
		SolutionGuid = {9B273768-4374-4E22-8AF0-01BE5B91CFE9}
	EndGlobalSection
EndGlobal
